{
  "name": "tspec-parser",
  "version": "1.0.0",
  "lockfileVersion": 3,
  "requires": true,
  "packages": {
    "": {
      "name": "tspec-parser",
      "version": "1.0.0",
      "license": "MIT",
      "dependencies": {
        "js-yaml": "^4.1.0",
        "jsonpath-plus": "^7.2.0"
      }
    },
    "node_modules/argparse": {
      "version": "2.0.1",
      "resolved": "https://registry.npmmirror.com/argparse/-/argparse-2.0.1.tgz",
      "integrity": "sha512-8+9WqebbFzpX9OR+Wa6O29asIogeRMzcGtAINdpMHHyAg10f05aSFVBbcEqGf/PXw1EjAZ+q2/bEBg3DvurK3Q=="
    },
    "node_modules/js-yaml": {
      "version": "4.1.1",
      "resolved": "https://registry.npmmirror.com/js-yaml/-/js-yaml-4.1.1.tgz",
      "integrity": "sha512-qQKT4zQxXl8lLwBtHMWwaTcGfFOZviOJet3Oy/xmGk2gZH677CJM9EvtfdSkgWcATZhj/55JZ0rmy3myCT5lsA==",
      "dependencies": {
        "argparse": "^2.0.1"
      },
      "bin": {
        "js-yaml": "bin/js-yaml.js"
      }
    },
    "node_modules/jsonpath-plus": {
      "version": "7.2.0",
      "resolved": "https://registry.npmmirror.com/jsonpath-plus/-/jsonpath-plus-7.2.0.tgz",
      "integrity": "sha512-zBfiUPM5nD0YZSBT/o/fbCUlCcepMIdP0CJZxM1+KgA4f2T206f6VAg9e7mX35+KlMaIc5qXW34f3BnwJ3w+RA==",
      "engines": {
        "node": ">=12.0.0"
      }
    }
  }
}
